{
  "name": "@cssfn/css-selector",
  "version": "1.0.4",
  "lockfileVersion": 2,
  "requires": true,
  "packages": {
    "": {
      "name": "@cssfn/css-selector",
      "version": "1.0.4",
      "license": "ISC",
      "dependencies": {
        "@cssfn/types": "^1.0.4"
      }
    },
    "node_modules/@cssfn/types": {
      "version": "1.0.4",
      "resolved": "https://registry.npmjs.org/@cssfn/types/-/types-1.0.4.tgz",
      "integrity": "sha512-OmzjloYEEbYJ4cfkpJ/P+5l4LHEq8hbb8Xwv58l60uigURkQxRAzgjZzBwuoOpq7wvKp4xfRGe+vs4WD66cd0Q=="
    }
  },
  "dependencies": {
    "@cssfn/types": {
      "version": "1.0.4",
      "resolved": "https://registry.npmjs.org/@cssfn/types/-/types-1.0.4.tgz",
      "integrity": "sha512-OmzjloYEEbYJ4cfkpJ/P+5l4LHEq8hbb8Xwv58l60uigURkQxRAzgjZzBwuoOpq7wvKp4xfRGe+vs4WD66cd0Q=="
    }
  }
}
